
Microsoft Visual Studio Solution File, Format Version 12.00
# Visual Studio 14
VisualStudioVersion = 14.0.25420.1
MinimumVisualStudioVersion = 10.0.40219.1
Project("{FAE04EC0-301F-11D3-BF4B-00C04F79EFBC}") = "Cars.Models", "Cars.Models\Cars.Models.csproj", "{84492F40-3FC2-41A3-BA3F-DA2B91E111B1}"
EndProject
Project("{FAE04EC0-301F-11D3-BF4B-00C04F79EFBC}") = "Cars.Data", "Cars.Data\Cars.Data.csproj", "{8D5565DF-5557-431E-BA7E-E24F079BB5A9}"
EndProject
Project("{FAE04EC0-301F-11D3-BF4B-00C04F79EFBC}") = "Cars.ConsoleApplication", "Cars.ConsoleApplication\Cars.ConsoleApplication.csproj", "{ECD1756C-2D97-4613-965C-E22EB9A83E6C}"
EndProject
Global
	GlobalSection(SolutionConfigurationPlatforms) = preSolution
		Debug|Any CPU = Debug|Any CPU
		Release|Any CPU = Release|Any CPU
	EndGlobalSection
	GlobalSection(ProjectConfigurationPlatforms) = postSolution
		{84492F40-3FC2-41A3-BA3F-DA2B91E111B1}.Debug|Any CPU.ActiveCfg = Debug|Any CPU
		{84492F40-3FC2-41A3-BA3F-DA2B91E111B1}.Debug|Any CPU.Build.0 = Debug|Any CPU
		{84492F40-3FC2-41A3-BA3F-DA2B91E111B1}.Release|Any CPU.ActiveCfg = Release|Any CPU
		{84492F40-3FC2-41A3-BA3F-DA2B91E111B1}.Release|Any CPU.Build.0 = Release|Any CPU
		{8D5565DF-5557-431E-BA7E-E24F079BB5A9}.Debug|Any CPU.ActiveCfg = Debug|Any CPU
		{8D5565DF-5557-431E-BA7E-E24F079BB5A9}.Debug|Any CPU.Build.0 = Debug|Any CPU
		{8D5565DF-5557-431E-BA7E-E24F079BB5A9}.Release|Any CPU.ActiveCfg = Release|Any CPU
		{8D5565DF-5557-431E-BA7E-E24F079BB5A9}.Release|Any CPU.Build.0 = Release|Any CPU
		{ECD1756C-2D97-4613-965C-E22EB9A83E6C}.Debug|Any CPU.ActiveCfg = Debug|Any CPU
		{ECD1756C-2D97-4613-965C-E22EB9A83E6C}.Debug|Any CPU.Build.0 = Debug|Any CPU
		{ECD1756C-2D97-4613-965C-E22EB9A83E6C}.Release|Any CPU.ActiveCfg = Release|Any CPU
		{ECD1756C-2D97-4613-965C-E22EB9A83E6C}.Release|Any CPU.Build.0 = Release|Any CPU
	EndGlobalSection
	GlobalSection(SolutionProperties) = preSolution
		HideSolutionNode = FALSE
	EndGlobalSection
EndGlobal
